
Microsoft Visual Studio Solution File, Format Version 12.00
# Visual Studio Version 17
VisualStudioVersion = 17.4.33110.190
MinimumVisualStudioVersion = 10.0.40219.1
Project("{FAE04EC0-301F-11D3-BF4B-00C04F79EFBC}") = "WindowsFormsApp1", "WindowsFormsApp1.csproj", "{D655C649-D97F-44CE-AE67-768A4491FA01}"
EndProject
Global
	GlobalSection(SolutionConfigurationPlatforms) = preSolution
		Debug|Any CPU = Debug|Any CPU
		Release|Any CPU = Release|Any CPU
	EndGlobalSection
	GlobalSection(ProjectConfigurationPlatforms) = postSolution
		{D655C649-D97F-44CE-AE67-768A4491FA01}.Debug|Any CPU.ActiveCfg = Debug|Any CPU
		{D655C649-D97F-44CE-AE67-768A4491FA01}.Debug|Any CPU.Build.0 = Debug|Any CPU
		{D655C649-D97F-44CE-AE67-768A4491FA01}.Release|Any CPU.ActiveCfg = Release|Any CPU
		{D655C649-D97F-44CE-AE67-768A4491FA01}.Release|Any CPU.Build.0 = Release|Any CPU
	EndGlobalSection
	GlobalSection(SolutionProperties) = preSolution
		HideSolutionNode = FALSE
	EndGlobalSection
	GlobalSection(ExtensibilityGlobals) = postSolution
		SolutionGuid = {4C04B6FA-02DE-4477-8830-95A24BA5F2BD}
	EndGlobalSection
EndGlobal
